lockfileVersion: '6.0'

settings:
  autoInstallPeers: true
  excludeLinksFromLockfile: false

dependencies:
  nodemailer:
    specifier: ^6.9.9
    version: 6.9.9

devDependencies:
  '@types/nodemailer':
    specifier: ^6.4.14
    version: 6.4.14

packages:

  /@types/node@20.11.16:
    resolution: {integrity: sha512-gKb0enTmRCzXSSUJDq6/sPcqrfCv2mkkG6Jt/clpn5eiCbKTY+SgZUxo+p8ZKMof5dCp9vHQUAB7wOUTod22wQ==}
    dependencies:
      undici-types: 5.26.5
    dev: true

  /@types/nodemailer@6.4.14:
    resolution: {integrity: sha512-fUWthHO9k9DSdPCSPRqcu6TWhYyxTBg382vlNIttSe9M7XfsT06y0f24KHXtbnijPGGRIcVvdKHTNikOI6qiHA==}
    dependencies:
      '@types/node': 20.11.16
    dev: true

  /nodemailer@6.9.9:
    resolution: {integrity: sha512-dexTll8zqQoVJEZPwQAKzxxtFn0qTnjdQTchoU6Re9BUUGBJiOy3YMn/0ShTW6J5M0dfQ1NeDeRTTl4oIWgQMA==}
    engines: {node: '>=6.0.0'}
    dev: false

  /undici-types@5.26.5:
    resolution: {integrity: sha512-JlCMO+ehdEIKqlFxk6IfVoAUVmgz7cU7zD/h9XZ0qzeosSHmUJVOzSQvvYSYWXkFXC+IfLKSIffhv0sVZup6pA==}
    dev: true
